
Microsoft Visual Studio Solution File, Format Version 12.00
# Visual Studio Version 17
VisualStudioVersion = 17.2.32630.192
MinimumVisualStudioVersion = 10.0.40219.1
Project("{FAE04EC0-301F-11D3-BF4B-00C04F79EFBC}") = "Lab2", "Lab2\Lab2.csproj", "{74074319-405D-48F2-BB39-47F5B47EDA42}"
EndProject
Global
	GlobalSection(SolutionConfigurationPlatforms) = preSolution
		Debug|Any CPU = Debug|Any CPU
		Release|Any CPU = Release|Any CPU
	EndGlobalSection
	GlobalSection(ProjectConfigurationPlatforms) = postSolution
		{74074319-405D-48F2-BB39-47F5B47EDA42}.Debug|Any CPU.ActiveCfg = Debug|Any CPU
		{74074319-405D-48F2-BB39-47F5B47EDA42}.Debug|Any CPU.Build.0 = Debug|Any CPU
		{74074319-405D-48F2-BB39-47F5B47EDA42}.Release|Any CPU.ActiveCfg = Release|Any CPU
		{74074319-405D-48F2-BB39-47F5B47EDA42}.Release|Any CPU.Build.0 = Release|Any CPU
	EndGlobalSection
	GlobalSection(SolutionProperties) = preSolution
		HideSolutionNode = FALSE
	EndGlobalSection
	GlobalSection(ExtensibilityGlobals) = postSolution
		SolutionGuid = {1FB1D672-F2BA-44A0-B4D9-CE8AEC1CD8F1}
	EndGlobalSection
EndGlobal
