
Microsoft Visual Studio Solution File, Format Version 12.00
# Visual Studio Version 17
VisualStudioVersion = 17.2.32630.192
MinimumVisualStudioVersion = 10.0.40219.1
Project("{FAE04EC0-301F-11D3-BF4B-00C04F79EFBC}") = "Homework_7", "Homework_7.csproj", "{5072A875-09E7-4CE9-A631-401790F1EF0B}"
EndProject
Global
	GlobalSection(SolutionConfigurationPlatforms) = preSolution
		Debug|Any CPU = Debug|Any CPU
		Release|Any CPU = Release|Any CPU
	EndGlobalSection
	GlobalSection(ProjectConfigurationPlatforms) = postSolution
		{5072A875-09E7-4CE9-A631-401790F1EF0B}.Debug|Any CPU.ActiveCfg = Debug|Any CPU
		{5072A875-09E7-4CE9-A631-401790F1EF0B}.Debug|Any CPU.Build.0 = Debug|Any CPU
		{5072A875-09E7-4CE9-A631-401790F1EF0B}.Release|Any CPU.ActiveCfg = Release|Any CPU
		{5072A875-09E7-4CE9-A631-401790F1EF0B}.Release|Any CPU.Build.0 = Release|Any CPU
	EndGlobalSection
	GlobalSection(SolutionProperties) = preSolution
		HideSolutionNode = FALSE
	EndGlobalSection
	GlobalSection(ExtensibilityGlobals) = postSolution
		SolutionGuid = {05DF4B69-B8BD-435B-A9D3-3DD5B2682A00}
	EndGlobalSection
EndGlobal
