
Microsoft Visual Studio Solution File, Format Version 12.00
# Visual Studio Version 17
VisualStudioVersion = 17.2.32630.192
MinimumVisualStudioVersion = 10.0.40219.1
Project("{FAE04EC0-301F-11D3-BF4B-00C04F79EFBC}") = "Homework_12", "Homework_12.csproj", "{C0BD9532-1C4E-429F-AF54-672BFBD096A3}"
EndProject
Global
	GlobalSection(SolutionConfigurationPlatforms) = preSolution
		Debug|Any CPU = Debug|Any CPU
		Release|Any CPU = Release|Any CPU
	EndGlobalSection
	GlobalSection(ProjectConfigurationPlatforms) = postSolution
		{C0BD9532-1C4E-429F-AF54-672BFBD096A3}.Debug|Any CPU.ActiveCfg = Debug|Any CPU
		{C0BD9532-1C4E-429F-AF54-672BFBD096A3}.Debug|Any CPU.Build.0 = Debug|Any CPU
		{C0BD9532-1C4E-429F-AF54-672BFBD096A3}.Release|Any CPU.ActiveCfg = Release|Any CPU
		{C0BD9532-1C4E-429F-AF54-672BFBD096A3}.Release|Any CPU.Build.0 = Release|Any CPU
	EndGlobalSection
	GlobalSection(SolutionProperties) = preSolution
		HideSolutionNode = FALSE
	EndGlobalSection
	GlobalSection(ExtensibilityGlobals) = postSolution
		SolutionGuid = {D13283C3-E633-4B10-A120-7E326273B53C}
	EndGlobalSection
EndGlobal
