
Microsoft Visual Studio Solution File, Format Version 12.00
# Visual Studio Version 17
VisualStudioVersion = 17.2.32630.192
MinimumVisualStudioVersion = 10.0.40219.1
Project("{FAE04EC0-301F-11D3-BF4B-00C04F79EFBC}") = "LoopFor", "LoopFor.csproj", "{71920CDE-AB68-4B55-BA05-6E19DE522EBF}"
EndProject
Project("{FAE04EC0-301F-11D3-BF4B-00C04F79EFBC}") = "LoopWhile", "..\LoopWhile\LoopWhile.csproj", "{26E4A167-EFB8-4FA2-A8E6-581814F3BD70}"
EndProject
Project("{FAE04EC0-301F-11D3-BF4B-00C04F79EFBC}") = "LoopDoWhile", "..\LoopDoWhile\LoopDoWhile.csproj", "{F3DBE3AA-ECA3-4D29-B3D8-76305E6649C5}"
EndProject
Global
	GlobalSection(SolutionConfigurationPlatforms) = preSolution
		Debug|Any CPU = Debug|Any CPU
		Release|Any CPU = Release|Any CPU
	EndGlobalSection
	GlobalSection(ProjectConfigurationPlatforms) = postSolution
		{71920CDE-AB68-4B55-BA05-6E19DE522EBF}.Debug|Any CPU.ActiveCfg = Debug|Any CPU
		{71920CDE-AB68-4B55-BA05-6E19DE522EBF}.Debug|Any CPU.Build.0 = Debug|Any CPU
		{71920CDE-AB68-4B55-BA05-6E19DE522EBF}.Release|Any CPU.ActiveCfg = Release|Any CPU
		{71920CDE-AB68-4B55-BA05-6E19DE522EBF}.Release|Any CPU.Build.0 = Release|Any CPU
		{26E4A167-EFB8-4FA2-A8E6-581814F3BD70}.Debug|Any CPU.ActiveCfg = Debug|Any CPU
		{26E4A167-EFB8-4FA2-A8E6-581814F3BD70}.Debug|Any CPU.Build.0 = Debug|Any CPU
		{26E4A167-EFB8-4FA2-A8E6-581814F3BD70}.Release|Any CPU.ActiveCfg = Release|Any CPU
		{26E4A167-EFB8-4FA2-A8E6-581814F3BD70}.Release|Any CPU.Build.0 = Release|Any CPU
		{F3DBE3AA-ECA3-4D29-B3D8-76305E6649C5}.Debug|Any CPU.ActiveCfg = Debug|Any CPU
		{F3DBE3AA-ECA3-4D29-B3D8-76305E6649C5}.Debug|Any CPU.Build.0 = Debug|Any CPU
		{F3DBE3AA-ECA3-4D29-B3D8-76305E6649C5}.Release|Any CPU.ActiveCfg = Release|Any CPU
		{F3DBE3AA-ECA3-4D29-B3D8-76305E6649C5}.Release|Any CPU.Build.0 = Release|Any CPU
	EndGlobalSection
	GlobalSection(SolutionProperties) = preSolution
		HideSolutionNode = FALSE
	EndGlobalSection
	GlobalSection(ExtensibilityGlobals) = postSolution
		SolutionGuid = {C57AF1B2-2F2A-4658-8CF8-98A33EED7B2A}
	EndGlobalSection
EndGlobal
